
Microsoft Visual Studio Solution File, Format Version 12.00
# Visual Studio 15
VisualStudioVersion = 15.0.27004.2009
MinimumVisualStudioVersion = 10.0.40219.1
Project("{FAE04EC0-301F-11D3-BF4B-00C04F79EFBC}") = "MergeRanges", "MergeRanges\MergeRanges.csproj", "{078526F3-7E53-495B-916B-3542423357DD}"
EndProject
Global
	GlobalSection(SolutionConfigurationPlatforms) = preSolution
		Debug|Any CPU = Debug|Any CPU
		Release|Any CPU = Release|Any CPU
	EndGlobalSection
	GlobalSection(ProjectConfigurationPlatforms) = postSolution
		{078526F3-7E53-495B-916B-3542423357DD}.Debug|Any CPU.ActiveCfg = Debug|Any CPU
		{078526F3-7E53-495B-916B-3542423357DD}.Debug|Any CPU.Build.0 = Debug|Any CPU
		{078526F3-7E53-495B-916B-3542423357DD}.Release|Any CPU.ActiveCfg = Release|Any CPU
		{078526F3-7E53-495B-916B-3542423357DD}.Release|Any CPU.Build.0 = Release|Any CPU
	EndGlobalSection
	GlobalSection(SolutionProperties) = preSolution
		HideSolutionNode = FALSE
	EndGlobalSection
	GlobalSection(ExtensibilityGlobals) = postSolution
		SolutionGuid = {4ECF78C3-107E-452C-9123-8C3EC3A07EBC}
	EndGlobalSection
EndGlobal
